{
  "name": "coral-companion",
  "lockfileVersion": 2,
  "requires": true,
  "packages": {
    "node_modules/@esbuild/win32-x64": {
      "version": "0.17.19",
      "resolved": "https://registry.npmjs.org/@esbuild/win32-x64/-/win32-x64-0.17.19.tgz",
      "integrity": "sha512-lAhycmKnVOuRYNtRtatQR1LPQf2oYCkRGkSFnseDAKPl8lu5SOsK/e1sXe5a0Pc5kHIHe6P2I/ilntNv2xf3cA==",
      "cpu": [
        "x64"
      ],
      "dev": true,
      "optional": true,
      "os": [
        "win32"
      ],
      "engines": {
        "node": ">=12"
      }
    },
    "node_modules/@prettier/plugin-php": {
      "version": "0.19.5",
      "resolved": "https://registry.npmjs.org/@prettier/plugin-php/-/plugin-php-0.19.5.tgz",
      "integrity": "sha512-AnmiB76G7qX2d7FbvGgABc3l4dVshOlBqxajiHe8nfMVTzmge7xDhiC28aP8OZafhIRksLKNRB1ZEemfN+j5pg==",
      "dependencies": {
        "linguist-languages": "^7.21.0",
        "mem": "^8.0.0",
        "php-parser": "^3.1.3"
      },
      "peerDependencies": {
        "prettier": "^1.15.0 || ^2.0.0"
      }
    },
    "node_modules/esbuild": {
      "version": "0.17.19",
      "resolved": "https://registry.npmjs.org/esbuild/-/esbuild-0.17.19.tgz",
      "integrity": "sha512-XQ0jAPFkK/u3LcVRcvVHQcTIqD6E2H1fvZMA5dQPSOWb3suUbWbfbRf94pjc0bNzRYLfIrDRQXr7X+LHIm5oHw==",
      "dev": true,
      "hasInstallScript": true,
      "bin": {
        "esbuild": "bin/esbuild"
      },
      "engines": {
        "node": ">=12"
      },
      "optionalDependencies": {
        "@esbuild/android-arm": "0.17.19",
        "@esbuild/android-arm64": "0.17.19",
        "@esbuild/android-x64": "0.17.19",
        "@esbuild/darwin-arm64": "0.17.19",
        "@esbuild/darwin-x64": "0.17.19",
        "@esbuild/freebsd-arm64": "0.17.19",
        "@esbuild/freebsd-x64": "0.17.19",
        "@esbuild/linux-arm": "0.17.19",
        "@esbuild/linux-arm64": "0.17.19",
        "@esbuild/linux-ia32": "0.17.19",
        "@esbuild/linux-loong64": "0.17.19",
        "@esbuild/linux-mips64el": "0.17.19",
        "@esbuild/linux-ppc64": "0.17.19",
        "@esbuild/linux-riscv64": "0.17.19",
        "@esbuild/linux-s390x": "0.17.19",
        "@esbuild/linux-x64": "0.17.19",
        "@esbuild/netbsd-x64": "0.17.19",
        "@esbuild/openbsd-x64": "0.17.19",
        "@esbuild/sunos-x64": "0.17.19",
        "@esbuild/win32-arm64": "0.17.19",
        "@esbuild/win32-ia32": "0.17.19",
        "@esbuild/win32-x64": "0.17.19"
      }
    },
    "node_modules/laravel-vite-plugin": {
      "version": "0.7.8",
      "resolved": "https://registry.npmjs.org/laravel-vite-plugin/-/laravel-vite-plugin-0.7.8.tgz",
      "integrity": "sha512-HWYqpQYHR3kEQ1LsHX7gHJoNNf0bz5z5mDaHBLzS+PGLCTmYqlU5/SZyeEgObV7z7bC/cnStYcY9H1DI1D5Udg==",
      "dev": true,
      "dependencies": {
        "picocolors": "^1.0.0",
        "vite-plugin-full-reload": "^1.0.5"
      },
      "engines": {
        "node": ">=14"
      },
      "peerDependencies": {
        "vite": "^3.0.0 || ^4.0.0"
      }
    },
    "node_modules/linguist-languages": {
      "version": "7.21.0",
      "resolved": "https://registry.npmjs.org/linguist-languages/-/linguist-languages-7.21.0.tgz",
      "integrity": "sha512-KrWJJbFOvlDhjlt5OhUipVlXg+plUfRurICAyij1ZVxQcqPt/zeReb9KiUVdGUwwhS/2KS9h3TbyfYLA5MDlxQ=="
    },
    "node_modules/map-age-cleaner": {
      "version": "0.1.3",
      "resolved": "https://registry.npmjs.org/map-age-cleaner/-/map-age-cleaner-0.1.3.tgz",
      "integrity": "sha512-bJzx6nMoP6PDLPBFmg7+xRKeFZvFboMrGlxmNj9ClvX53KrmvM5bXFXEWjbz4cz1AFn+jWJ9z/DJSz7hrs0w3w==",
      "dependencies": {
        "p-defer": "^1.0.0"
      },
      "engines": {
        "node": ">=6"
      }
    },
    "node_modules/mem": {
      "version": "8.1.1",
      "resolved": "https://registry.npmjs.org/mem/-/mem-8.1.1.tgz",
      "integrity": "sha512-qFCFUDs7U3b8mBDPyz5EToEKoAkgCzqquIgi9nkkR9bixxOVOre+09lbuH7+9Kn2NFpm56M3GUWVbU2hQgdACA==",
      "dependencies": {
        "map-age-cleaner": "^0.1.3",
        "mimic-fn": "^3.1.0"
      },
      "engines": {
        "node": ">=10"
      },
      "funding": {
        "url": "https://github.com/sindresorhus/mem?sponsor=1"
      }
    },
    "node_modules/mimic-fn": {
      "version": "3.1.0",
      "resolved": "https://registry.npmjs.org/mimic-fn/-/mimic-fn-3.1.0.tgz",
      "integrity": "sha512-Ysbi9uYW9hFyfrThdDEQuykN4Ey6BuwPD2kpI5ES/nFTDn/98yxYNLZJcgUAKPT/mcrLLKaGzJR9YVxJrIdASQ==",
      "engines": {
        "node": ">=8"
      }
    },
    "node_modules/nanoid": {
      "version": "3.3.6",
      "resolved": "https://registry.npmjs.org/nanoid/-/nanoid-3.3.6.tgz",
      "integrity": "sha512-BGcqMMJuToF7i1rt+2PWSNVnWIkGCU78jBG3RxO/bZlnZPK2Cmi2QaffxGO/2RvWi9sL+FAiRiXMgsyxQ1DIDA==",
      "dev": true,
      "funding": [
        {
          "type": "github",
          "url": "https://github.com/sponsors/ai"
        }
      ],
      "bin": {
        "nanoid": "bin/nanoid.cjs"
      },
      "engines": {
        "node": "^10 || ^12 || ^13.7 || ^14 || >=15.0.1"
      }
    },
    "node_modules/p-defer": {
      "version": "1.0.0",
      "resolved": "https://registry.npmjs.org/p-defer/-/p-defer-1.0.0.tgz",
      "integrity": "sha512-wB3wfAxZpk2AzOfUMJNL+d36xothRSyj8EXOa4f6GMqYDN9BJaaSISbsk+wS9abmnebVw95C2Kb5t85UmpCxuw==",
      "engines": {
        "node": ">=4"
      }
    },
    "node_modules/php-parser": {
      "version": "3.1.4",
      "resolved": "https://registry.npmjs.org/php-parser/-/php-parser-3.1.4.tgz",
      "integrity": "sha512-WUEfH4FWsVItqgOknM67msDdcUAfgPJsHhPNl6EPXzWtX+PfdY282m4i8YIJ9ALUEhf+qGDajdmW+VYqSd7Deg=="
    },
    "node_modules/picocolors": {
      "version": "1.0.0",
      "resolved": "https://registry.npmjs.org/picocolors/-/picocolors-1.0.0.tgz",
      "integrity": "sha512-1fygroTLlHu66zi26VoTDv8yRgm0Fccecssto+MhsZ0D/DGW2sm8E8AjW7NU5VVTRt5GxbeZ5qBuJr+HyLYkjQ==",
      "dev": true
    },
    "node_modules/picomatch": {
      "version": "2.3.1",
      "resolved": "https://registry.npmjs.org/picomatch/-/picomatch-2.3.1.tgz",
      "integrity": "sha512-JU3teHTNjmE2VCGFzuY8EXzCDVwEqB2a8fsIvwaStHhAWJEeVd1o1QD80CU6+ZdEXXSLbSsuLwJjkCBWqRQUVA==",
      "dev": true,
      "engines": {
        "node": ">=8.6"
      },
      "funding": {
        "url": "https://github.com/sponsors/jonschlinkert"
      }
    },
    "node_modules/postcss": {
      "version": "8.4.24",
      "resolved": "https://registry.npmjs.org/postcss/-/postcss-8.4.24.tgz",
      "integrity": "sha512-M0RzbcI0sO/XJNucsGjvWU9ERWxb/ytp1w6dKtxTKgixdtQDq4rmx/g8W1hnaheq9jgwL/oyEdH5Bc4WwJKMqg==",
      "dev": true,
      "funding": [
        {
          "type": "opencollective",
          "url": "https://opencollective.com/postcss/"
        },
        {
          "type": "tidelift",
          "url": "https://tidelift.com/funding/github/npm/postcss"
        },
        {
          "type": "github",
          "url": "https://github.com/sponsors/ai"
        }
      ],
      "dependencies": {
        "nanoid": "^3.3.6",
        "picocolors": "^1.0.0",
        "source-map-js": "^1.0.2"
      },
      "engines": {
        "node": "^10 || ^12 || >=14"
      }
    },
    "node_modules/prettier": {
      "version": "2.8.8",
      "resolved": "https://registry.npmjs.org/prettier/-/prettier-2.8.8.tgz",
      "integrity": "sha512-tdN8qQGvNjw4CHbY+XXk0JgCXn9QiF21a55rBe5LJAU+kDyC4WQn4+awm2Xfk2lQMk5fKup9XgzTZtGkjBdP9Q==",
      "bin": {
        "prettier": "bin-prettier.js"
      },
      "engines": {
        "node": ">=10.13.0"
      },
      "funding": {
        "url": "https://github.com/prettier/prettier?sponsor=1"
      }
    },
    "node_modules/rollup": {
      "version": "3.23.0",
      "resolved": "https://registry.npmjs.org/rollup/-/rollup-3.23.0.tgz",
      "integrity": "sha512-h31UlwEi7FHihLe1zbk+3Q7z1k/84rb9BSwmBSr/XjOCEaBJ2YyedQDuM0t/kfOS0IxM+vk1/zI9XxYj9V+NJQ==",
      "dev": true,
      "bin": {
        "rollup": "dist/bin/rollup"
      },
      "engines": {
        "node": ">=14.18.0",
        "npm": ">=8.0.0"
      },
      "optionalDependencies": {
        "fsevents": "~2.3.2"
      }
    },
    "node_modules/sass-mq": {
      "version": "6.0.0",
      "resolved": "https://registry.npmjs.org/sass-mq/-/sass-mq-6.0.0.tgz",
      "integrity": "sha512-h4VicIy8lszFlqqggqLIFGt/9wS5fHLPoTXHRjC8Vw6UsA4s4JtDvEeypXbbECfgY336mXyc/cdpbRacH0UzGA=="
    },
    "node_modules/source-map-js": {
      "version": "1.0.2",
      "resolved": "https://registry.npmjs.org/source-map-js/-/source-map-js-1.0.2.tgz",
      "integrity": "sha512-R0XvVJ9WusLiqTCEiGCmICCMplcCkIwwR11mOSD9CR5u+IXYdiseeEuXCVAjS54zqwkLcPNnmU4OeJ6tUrWhDw==",
      "dev": true,
      "engines": {
        "node": ">=0.10.0"
      }
    },
    "node_modules/vite": {
      "version": "4.3.9",
      "resolved": "https://registry.npmjs.org/vite/-/vite-4.3.9.tgz",
      "integrity": "sha512-qsTNZjO9NoJNW7KnOrgYwczm0WctJ8m/yqYAMAK9Lxt4SoySUfS5S8ia9K7JHpa3KEeMfyF8LoJ3c5NeBJy6pg==",
      "dev": true,
      "dependencies": {
        "esbuild": "^0.17.5",
        "postcss": "^8.4.23",
        "rollup": "^3.21.0"
      },
      "bin": {
        "vite": "bin/vite.js"
      },
      "engines": {
        "node": "^14.18.0 || >=16.0.0"
      },
      "optionalDependencies": {
        "fsevents": "~2.3.2"
      },
      "peerDependencies": {
        "@types/node": ">= 14",
        "less": "*",
        "sass": "*",
        "stylus": "*",
        "sugarss": "*",
        "terser": "^5.4.0"
      },
      "peerDependenciesMeta": {
        "@types/node": {
          "optional": true
        },
        "less": {
          "optional": true
        },
        "sass": {
          "optional": true
        },
        "stylus": {
          "optional": true
        },
        "sugarss": {
          "optional": true
        },
        "terser": {
          "optional": true
        }
      }
    },
    "node_modules/vite-plugin-full-reload": {
      "version": "1.0.5",
      "resolved": "https://registry.npmjs.org/vite-plugin-full-reload/-/vite-plugin-full-reload-1.0.5.tgz",
      "integrity": "sha512-kVZFDFWr0DxiHn6MuDVTQf7gnWIdETGlZh0hvTiMXzRN80vgF4PKbONSq8U1d0WtHsKaFODTQgJeakLacoPZEQ==",
      "dev": true,
      "dependencies": {
        "picocolors": "^1.0.0",
        "picomatch": "^2.3.1"
      },
      "peerDependencies": {
        "vite": "^2 || ^3 || ^4"
      }
    }
  },
  "dependencies": {
    "@esbuild/win32-x64": {
      "version": "0.17.19",
      "resolved": "https://registry.npmjs.org/@esbuild/win32-x64/-/win32-x64-0.17.19.tgz",
      "integrity": "sha512-lAhycmKnVOuRYNtRtatQR1LPQf2oYCkRGkSFnseDAKPl8lu5SOsK/e1sXe5a0Pc5kHIHe6P2I/ilntNv2xf3cA==",
      "dev": true,
      "optional": true
    },
    "@prettier/plugin-php": {
      "version": "https://registry.npmjs.org/@prettier/plugin-php/-/plugin-php-0.19.5.tgz",
      "integrity": "sha512-AnmiB76G7qX2d7FbvGgABc3l4dVshOlBqxajiHe8nfMVTzmge7xDhiC28aP8OZafhIRksLKNRB1ZEemfN+j5pg==",
      "requires": {
        "linguist-languages": "^7.21.0",
        "mem": "^8.0.0",
        "php-parser": "^3.1.3"
      }
    },
    "esbuild": {
      "version": "0.17.19",
      "resolved": "https://registry.npmjs.org/esbuild/-/esbuild-0.17.19.tgz",
      "integrity": "sha512-XQ0jAPFkK/u3LcVRcvVHQcTIqD6E2H1fvZMA5dQPSOWb3suUbWbfbRf94pjc0bNzRYLfIrDRQXr7X+LHIm5oHw==",
      "dev": true,
      "requires": {
        "@esbuild/android-arm": "0.17.19",
        "@esbuild/android-arm64": "0.17.19",
        "@esbuild/android-x64": "0.17.19",
        "@esbuild/darwin-arm64": "0.17.19",
        "@esbuild/darwin-x64": "0.17.19",
        "@esbuild/freebsd-arm64": "0.17.19",
        "@esbuild/freebsd-x64": "0.17.19",
        "@esbuild/linux-arm": "0.17.19",
        "@esbuild/linux-arm64": "0.17.19",
        "@esbuild/linux-ia32": "0.17.19",
        "@esbuild/linux-loong64": "0.17.19",
        "@esbuild/linux-mips64el": "0.17.19",
        "@esbuild/linux-ppc64": "0.17.19",
        "@esbuild/linux-riscv64": "0.17.19",
        "@esbuild/linux-s390x": "0.17.19",
        "@esbuild/linux-x64": "0.17.19",
        "@esbuild/netbsd-x64": "0.17.19",
        "@esbuild/openbsd-x64": "0.17.19",
        "@esbuild/sunos-x64": "0.17.19",
        "@esbuild/win32-arm64": "0.17.19",
        "@esbuild/win32-ia32": "0.17.19",
        "@esbuild/win32-x64": "0.17.19"
      }
    },
    "laravel-vite-plugin": {
      "version": "https://registry.npmjs.org/laravel-vite-plugin/-/laravel-vite-plugin-0.7.8.tgz",
      "integrity": "sha512-HWYqpQYHR3kEQ1LsHX7gHJoNNf0bz5z5mDaHBLzS+PGLCTmYqlU5/SZyeEgObV7z7bC/cnStYcY9H1DI1D5Udg==",
      "dev": true,
      "requires": {
        "picocolors": "^1.0.0",
        "vite-plugin-full-reload": "^1.0.5"
      }
    },
    "linguist-languages": {
      "version": "7.21.0",
      "resolved": "https://registry.npmjs.org/linguist-languages/-/linguist-languages-7.21.0.tgz",
      "integrity": "sha512-KrWJJbFOvlDhjlt5OhUipVlXg+plUfRurICAyij1ZVxQcqPt/zeReb9KiUVdGUwwhS/2KS9h3TbyfYLA5MDlxQ=="
    },
    "map-age-cleaner": {
      "version": "0.1.3",
      "resolved": "https://registry.npmjs.org/map-age-cleaner/-/map-age-cleaner-0.1.3.tgz",
      "integrity": "sha512-bJzx6nMoP6PDLPBFmg7+xRKeFZvFboMrGlxmNj9ClvX53KrmvM5bXFXEWjbz4cz1AFn+jWJ9z/DJSz7hrs0w3w==",
      "requires": {
        "p-defer": "^1.0.0"
      }
    },
    "mem": {
      "version": "8.1.1",
      "resolved": "https://registry.npmjs.org/mem/-/mem-8.1.1.tgz",
      "integrity": "sha512-qFCFUDs7U3b8mBDPyz5EToEKoAkgCzqquIgi9nkkR9bixxOVOre+09lbuH7+9Kn2NFpm56M3GUWVbU2hQgdACA==",
      "requires": {
        "map-age-cleaner": "^0.1.3",
        "mimic-fn": "^3.1.0"
      }
    },
    "mimic-fn": {
      "version": "3.1.0",
      "resolved": "https://registry.npmjs.org/mimic-fn/-/mimic-fn-3.1.0.tgz",
      "integrity": "sha512-Ysbi9uYW9hFyfrThdDEQuykN4Ey6BuwPD2kpI5ES/nFTDn/98yxYNLZJcgUAKPT/mcrLLKaGzJR9YVxJrIdASQ=="
    },
    "nanoid": {
      "version": "3.3.6",
      "resolved": "https://registry.npmjs.org/nanoid/-/nanoid-3.3.6.tgz",
      "integrity": "sha512-BGcqMMJuToF7i1rt+2PWSNVnWIkGCU78jBG3RxO/bZlnZPK2Cmi2QaffxGO/2RvWi9sL+FAiRiXMgsyxQ1DIDA==",
      "dev": true
    },
    "p-defer": {
      "version": "1.0.0",
      "resolved": "https://registry.npmjs.org/p-defer/-/p-defer-1.0.0.tgz",
      "integrity": "sha512-wB3wfAxZpk2AzOfUMJNL+d36xothRSyj8EXOa4f6GMqYDN9BJaaSISbsk+wS9abmnebVw95C2Kb5t85UmpCxuw=="
    },
    "php-parser": {
      "version": "3.1.4",
      "resolved": "https://registry.npmjs.org/php-parser/-/php-parser-3.1.4.tgz",
      "integrity": "sha512-WUEfH4FWsVItqgOknM67msDdcUAfgPJsHhPNl6EPXzWtX+PfdY282m4i8YIJ9ALUEhf+qGDajdmW+VYqSd7Deg=="
    },
    "picocolors": {
      "version": "1.0.0",
      "resolved": "https://registry.npmjs.org/picocolors/-/picocolors-1.0.0.tgz",
      "integrity": "sha512-1fygroTLlHu66zi26VoTDv8yRgm0Fccecssto+MhsZ0D/DGW2sm8E8AjW7NU5VVTRt5GxbeZ5qBuJr+HyLYkjQ==",
      "dev": true
    },
    "picomatch": {
      "version": "2.3.1",
      "resolved": "https://registry.npmjs.org/picomatch/-/picomatch-2.3.1.tgz",
      "integrity": "sha512-JU3teHTNjmE2VCGFzuY8EXzCDVwEqB2a8fsIvwaStHhAWJEeVd1o1QD80CU6+ZdEXXSLbSsuLwJjkCBWqRQUVA==",
      "dev": true
    },
    "postcss": {
      "version": "8.4.24",
      "resolved": "https://registry.npmjs.org/postcss/-/postcss-8.4.24.tgz",
      "integrity": "sha512-M0RzbcI0sO/XJNucsGjvWU9ERWxb/ytp1w6dKtxTKgixdtQDq4rmx/g8W1hnaheq9jgwL/oyEdH5Bc4WwJKMqg==",
      "dev": true,
      "requires": {
        "nanoid": "^3.3.6",
        "picocolors": "^1.0.0",
        "source-map-js": "^1.0.2"
      }
    },
    "prettier": {
      "version": "2.8.8",
      "resolved": "https://registry.npmjs.org/prettier/-/prettier-2.8.8.tgz",
      "integrity": "sha512-tdN8qQGvNjw4CHbY+XXk0JgCXn9QiF21a55rBe5LJAU+kDyC4WQn4+awm2Xfk2lQMk5fKup9XgzTZtGkjBdP9Q=="
    },
    "rollup": {
      "version": "3.23.0",
      "resolved": "https://registry.npmjs.org/rollup/-/rollup-3.23.0.tgz",
      "integrity": "sha512-h31UlwEi7FHihLe1zbk+3Q7z1k/84rb9BSwmBSr/XjOCEaBJ2YyedQDuM0t/kfOS0IxM+vk1/zI9XxYj9V+NJQ==",
      "dev": true,
      "requires": {
        "fsevents": "~2.3.2"
      }
    },
    "sass-mq": {
      "version": "https://registry.npmjs.org/sass-mq/-/sass-mq-6.0.0.tgz",
      "integrity": "sha512-h4VicIy8lszFlqqggqLIFGt/9wS5fHLPoTXHRjC8Vw6UsA4s4JtDvEeypXbbECfgY336mXyc/cdpbRacH0UzGA=="
    },
    "source-map-js": {
      "version": "1.0.2",
      "resolved": "https://registry.npmjs.org/source-map-js/-/source-map-js-1.0.2.tgz",
      "integrity": "sha512-R0XvVJ9WusLiqTCEiGCmICCMplcCkIwwR11mOSD9CR5u+IXYdiseeEuXCVAjS54zqwkLcPNnmU4OeJ6tUrWhDw==",
      "dev": true
    },
    "vite": {
      "version": "4.3.9",
      "resolved": "https://registry.npmjs.org/vite/-/vite-4.3.9.tgz",
      "integrity": "sha512-qsTNZjO9NoJNW7KnOrgYwczm0WctJ8m/yqYAMAK9Lxt4SoySUfS5S8ia9K7JHpa3KEeMfyF8LoJ3c5NeBJy6pg==",
      "dev": true,
      "requires": {
        "esbuild": "^0.17.5",
        "fsevents": "~2.3.2",
        "postcss": "^8.4.23",
        "rollup": "^3.21.0"
      }
    },
    "vite-plugin-full-reload": {
      "version": "1.0.5",
      "resolved": "https://registry.npmjs.org/vite-plugin-full-reload/-/vite-plugin-full-reload-1.0.5.tgz",
      "integrity": "sha512-kVZFDFWr0DxiHn6MuDVTQf7gnWIdETGlZh0hvTiMXzRN80vgF4PKbONSq8U1d0WtHsKaFODTQgJeakLacoPZEQ==",
      "dev": true,
      "requires": {
        "picocolors": "^1.0.0",
        "picomatch": "^2.3.1"
      }
    }
  }
}
